// !$*UTF8*$!
{
	archiveVersion = 1;
	classes = {
	};
	objectVersion = 55;
	objects = {

/* Begin PBXBuildFile section */
		AA000000000000000000006A /* MetacognitionChecklistApp.swift in Sources */ = {isa = PBXBuildFile; fileRef = AA000000000000000000004A /* MetacognitionChecklistApp.swift */; };
		AA000000000000000000006B /* ContentView.swift in Sources */ = {isa = PBXBuildFile; fileRef = AA000000000000000000004B /* ContentView.swift */; };
		AA000000000000000000006C /* ChecklistModels.swift in Sources */ = {isa = PBXBuildFile; fileRef = AA000000000000000000004C /* ChecklistModels.swift */; };
		AA000000000000000000006D /* StorageManager.swift in Sources */ = {isa = PBXBuildFile; fileRef = AA000000000000000000004D /* StorageManager.swift */; };
		AA000000000000000000006E /* SessionListView.swift in Sources */ = {isa = PBXBuildFile; fileRef = AA000000000000000000004E /* SessionListView.swift */; };
		AA000000000000000000006F /* NewSessionView.swift in Sources */ = {isa = PBXBuildFile; fileRef = AA000000000000000000004F /* NewSessionView.swift */; };
		AA000000000000000000007A /* PhaseChecklistView.swift in Sources */ = {isa = PBXBuildFile; fileRef = AA000000000000000000005A /* PhaseChecklistView.swift */; };
		AA000000000000000000007B /* SessionDetailView.swift in Sources */ = {isa = PBXBuildFile; fileRef = AA000000000000000000005B /* SessionDetailView.swift */; };
		AA000000000000000000007C /* Assets.xcassets in Resources */ = {isa = PBXBuildFile; fileRef = AA000000000000000000005C /* Assets.xcassets */; };
/* End PBXBuildFile section */

/* Begin PBXFileReference section */
		AA000000000000000000002C /* MetacognitionChecklist.app */ = {isa = PBXFileReference; explicitFileType = wrapper.application; includeInIndex = 0; path = MetacognitionChecklist.app; sourceTree = BUILT_PRODUCTS_DIR; };
		AA000000000000000000004A /* MetacognitionChecklistApp.swift */ = {isa = PBXFileReference; lastKnownFileType = sourcecode.swift; path = MetacognitionChecklistApp.swift; sourceTree = "<group>"; };
		AA000000000000000000004B /* ContentView.swift */ = {isa = PBXFileReference; lastKnownFileType = sourcecode.swift; path = ContentView.swift; sourceTree = "<group>"; };
		AA000000000000000000004C /* ChecklistModels.swift */ = {isa = PBXFileReference; lastKnownFileType = sourcecode.swift; path = ChecklistModels.swift; sourceTree = "<group>"; };
		AA000000000000000000004D /* StorageManager.swift */ = {isa = PBXFileReference; lastKnownFileType = sourcecode.swift; path = StorageManager.swift; sourceTree = "<group>"; };
		AA000000000000000000004E /* SessionListView.swift */ = {isa = PBXFileReference; lastKnownFileType = sourcecode.swift; path = SessionListView.swift; sourceTree = "<group>"; };
		AA000000000000000000004F /* NewSessionView.swift */ = {isa = PBXFileReference; lastKnownFileType = sourcecode.swift; path = NewSessionView.swift; sourceTree = "<group>"; };
		AA000000000000000000005A /* PhaseChecklistView.swift */ = {isa = PBXFileReference; lastKnownFileType = sourcecode.swift; path = PhaseChecklistView.swift; sourceTree = "<group>"; };
		AA000000000000000000005B /* SessionDetailView.swift */ = {isa = PBXFileReference; lastKnownFileType = sourcecode.swift; path = SessionDetailView.swift; sourceTree = "<group>"; };
		AA000000000000000000005C /* Assets.xcassets */ = {isa = PBXFileReference; lastKnownFileType = folder.assetcatalog; path = Assets.xcassets; sourceTree = "<group>"; };
		AA000000000000000000005D /* Info.plist */ = {isa = PBXFileReference; lastKnownFileType = text.plist.xml; path = Info.plist; sourceTree = "<group>"; };
/* End PBXFileReference section */

/* Begin PBXFrameworksBuildPhase section */
		AA000000000000000000002F /* Frameworks */ = {
			isa = PBXFrameworksBuildPhase;
			buildActionMask = 2147483647;
			files = (
			);
			runOnlyForDeploymentPostprocessing = 0;
		};
/* End PBXFrameworksBuildPhase section */

/* Begin PBXGroup section */
		AA00000000000000000000FF /* root */ = {
			isa = PBXGroup;
			children = (
				AA000000000000000000001B /* MetacognitionChecklist */,
				AA000000000000000000001C /* Products */,
			);
			sourceTree = "<group>";
		};
		AA000000000000000000001B /* MetacognitionChecklist */ = {
			isa = PBXGroup;
			children = (
				AA000000000000000000004A /* MetacognitionChecklistApp.swift */,
				AA000000000000000000004B /* ContentView.swift */,
				AA000000000000000000005D /* Info.plist */,
				AA000000000000000000005C /* Assets.xcassets */,
				AA000000000000000000001E /* Models */,
				AA000000000000000000001F /* Storage */,
				AA000000000000000000002A /* Views */,
			);
			path = MetacognitionChecklist;
			sourceTree = "<group>";
		};
		AA000000000000000000001C /* Products */ = {
			isa = PBXGroup;
			children = (
				AA000000000000000000002C /* MetacognitionChecklist.app */,
			);
			name = Products;
			sourceTree = "<group>";
		};
		AA000000000000000000001E /* Models */ = {
			isa = PBXGroup;
			children = (
				AA000000000000000000004C /* ChecklistModels.swift */,
			);
			path = Models;
			sourceTree = "<group>";
		};
		AA000000000000000000001F /* Storage */ = {
			isa = PBXGroup;
			children = (
				AA000000000000000000004D /* StorageManager.swift */,
			);
			path = Storage;
			sourceTree = "<group>";
		};
		AA000000000000000000002A /* Views */ = {
			isa = PBXGroup;
			children = (
				AA000000000000000000004E /* SessionListView.swift */,
				AA000000000000000000004F /* NewSessionView.swift */,
				AA000000000000000000005A /* PhaseChecklistView.swift */,
				AA000000000000000000005B /* SessionDetailView.swift */,
			);
			path = Views;
			sourceTree = "<group>";
		};
/* End PBXGroup section */

/* Begin PBXNativeTarget section */
		AA000000000000000000002B /* MetacognitionChecklist */ = {
			isa = PBXNativeTarget;
			buildConfigurationList = AA000000000000000000003F /* Build configuration list for PBXNativeTarget "MetacognitionChecklist" */;
			buildPhases = (
				AA000000000000000000002D /* Sources */,
				AA000000000000000000002E /* Resources */,
				AA000000000000000000002F /* Frameworks */,
			);
			buildRules = (
			);
			dependencies = (
			);
			name = MetacognitionChecklist;
			productName = MetacognitionChecklist;
			productReference = AA000000000000000000002C /* MetacognitionChecklist.app */;
			productType = "com.apple.product-type.application";
		};
/* End PBXNativeTarget section */

/* Begin PBXProject section */
		AA000000000000000000001A /* Project object */ = {
			isa = PBXProject;
			attributes = {
				BuildIndependentTargetsInParallel = 1;
				LastSwiftUpdateCheck = 1500;
				LastUpgradeCheck = 1500;
				TargetAttributes = {
					AA000000000000000000002B = {
						CreatedOnToolsVersion = 15.0;
					};
				};
			};
			buildConfigurationList = AA000000000000000000003C /* Build configuration list for PBXProject "MetacognitionChecklist" */;
			compatibilityVersion = "Xcode 14.0";
			developmentRegion = ko;
			hasScannedForEncodings = 0;
			knownRegions = (
				ko,
				Base,
			);
			mainGroup = AA00000000000000000000FF;
			productRefGroup = AA000000000000000000001C /* Products */;
			projectDirPath = "";
			projectRoot = "";
			targets = (
				AA000000000000000000002B /* MetacognitionChecklist */,
			);
		};
/* End PBXProject section */

/* Begin PBXResourcesBuildPhase section */
		AA000000000000000000002E /* Resources */ = {
			isa = PBXResourcesBuildPhase;
			buildActionMask = 2147483647;
			files = (
				AA000000000000000000007C /* Assets.xcassets in Resources */,
			);
			runOnlyForDeploymentPostprocessing = 0;
		};
/* End PBXResourcesBuildPhase section */

/* Begin PBXSourcesBuildPhase section */
		AA000000000000000000002D /* Sources */ = {
			isa = PBXSourcesBuildPhase;
			buildActionMask = 2147483647;
			files = (
				AA000000000000000000006A /* MetacognitionChecklistApp.swift in Sources */,
				AA000000000000000000006B /* ContentView.swift in Sources */,
				AA000000000000000000006C /* ChecklistModels.swift in Sources */,
				AA000000000000000000006D /* StorageManager.swift in Sources */,
				AA000000000000000000006E /* SessionListView.swift in Sources */,
				AA000000000000000000006F /* NewSessionView.swift in Sources */,
				AA000000000000000000007A /* PhaseChecklistView.swift in Sources */,
				AA000000000000000000007B /* SessionDetailView.swift in Sources */,
			);
			runOnlyForDeploymentPostprocessing = 0;
		};
/* End PBXSourcesBuildPhase section */

/* Begin XCBuildConfiguration section */
		AA000000000000000000003A /* Debug */ = {
			isa = XCBuildConfiguration;
			buildSettings = {
				ALWAYS_SEARCH_USER_PATHS = NO;
				CLANG_ANALYZER_NONNULL = YES;
				CLANG_ANALYZER_NUMBER_OBJECT_CONVERSION = YES_AGGRESSIVE;
				CLANG_CXX_LANGUAGE_STANDARD = "gnu++20";
				CLANG_ENABLE_MODULES = YES;
				CLANG_ENABLE_OBJC_ARC = YES;
				CLANG_ENABLE_OBJC_WEAK = YES;
				CLANG_WARN_BLOCK_CAPTURE_AUTORELEASING = YES;
				CLANG_WARN_BOOL_CONVERSION = YES;
				CLANG_WARN_COMMA = YES;
				CLANG_WARN_CONSTANT_CONVERSION = YES;
				CLANG_WARN_DEPRECATED_OBJC_IMPLEMENTATIONS = YES;
				CLANG_WARN_DIRECT_OBJC_ISA_USAGE = YES_ERROR;
				CLANG_WARN_DOCUMENTATION_COMMENTS = YES;
				CLANG_WARN_EMPTY_BODY = YES;
				CLANG_WARN_ENUM_CONVERSION = YES;
				CLANG_WARN_INFINITE_RECURSION = YES;
				CLANG_WARN_INT_CONVERSION = YES;
				CLANG_WARN_NON_LITERAL_NULL_CONVERSION = YES;
				CLANG_WARN_OBJC_IMPLICIT_RETAIN_CYCLE = YES;
				CLANG_WARN_OBJC_LITERAL_CONVERSION = YES;
				CLANG_WARN_OBJC_ROOT_CLASS = YES_ERROR;
				CLANG_WARN_QUOTED_INCLUDE_IN_FRAMEWORK_HEADER = YES;
				CLANG_WARN_RANGE_LOOP_ANALYSIS = YES;
				CLANG_WARN_STRICT_PROTOTYPES = YES;
				CLANG_WARN_SUSPICIOUS_MOVE = YES;
				CLANG_WARN_UNGUARDED_AVAILABILITY = YES_AGGRESSIVE;
				CLANG_WARN_UNREACHABLE_CODE = YES;
				CLANG_WARN__DUPLICATE_METHOD_MATCH = YES;
				COPY_PHASE_STRIP = NO;
				DEBUG_INFORMATION_FORMAT = dwarf;
				ENABLE_STRICT_OBJC_MSGSEND = YES;
				ENABLE_TESTABILITY = YES;
				GCC_C_LANGUAGE_STANDARD = gnu17;
				GCC_DYNAMIC_NO_PIC = NO;
				GCC_NO_COMMON_BLOCKS = YES;
				GCC_OPTIMIZATION_LEVEL = 0;
				GCC_PREPROCESSOR_DEFINITIONS = (
					"DEBUG=1",
					"$(inherited)",
				);
				GCC_WARN_64_TO_32_BIT_CONVERSION = YES;
				GCC_WARN_ABOUT_RETURN_TYPE = YES_ERROR;
				GCC_WARN_UNDECLARED_SELECTOR = YES;
				GCC_WARN_UNINITIALIZED_AUTOS = YES_AGGRESSIVE;
				GCC_WARN_UNUSED_FUNCTION = YES;
				GCC_WARN_UNUSED_VARIABLE = YES;
				IPHONEOS_DEPLOYMENT_TARGET = 16.0;
				MTL_ENABLE_DEBUG_INFO = INCLUDE_SOURCE;
				MTL_FAST_MATH = YES;
				ONLY_ACTIVE_ARCH = YES;
				SDKROOT = iphoneos;
				SWIFT_ACTIVE_COMPILATION_CONDITIONS = DEBUG;
				SWIFT_OPTIMIZATION_LEVEL = "-Onone";
			};
			name = Debug;
		};
		AA000000000000000000003B /* Release */ = {
			isa = XCBuildConfiguration;
			buildSettings = {
				ALWAYS_SEARCH_USER_PATHS = NO;
				CLANG_ANALYZER_NONNULL = YES;
				CLANG_ANALYZER_NUMBER_OBJECT_CONVERSION = YES_AGGRESSIVE;
				CLANG_CXX_LANGUAGE_STANDARD = "gnu++20";
				CLANG_ENABLE_MODULES = YES;
				CLANG_ENABLE_OBJC_ARC = YES;
				CLANG_ENABLE_OBJC_WEAK = YES;
				CLANG_WARN_BLOCK_CAPTURE_AUTORELEASING = YES;
				CLANG_WARN_BOOL_CONVERSION = YES;
				CLANG_WARN_COMMA = YES;
				CLANG_WARN_CONSTANT_CONVERSION = YES;
				CLANG_WARN_DEPRECATED_OBJC_IMPLEMENTATIONS = YES;
				CLANG_WARN_DIRECT_OBJC_ISA_USAGE = YES_ERROR;
				CLANG_WARN_DOCUMENTATION_COMMENTS = YES;
				CLANG_WARN_EMPTY_BODY = YES;
				CLANG_WARN_ENUM_CONVERSION = YES;
				CLANG_WARN_INFINITE_RECURSION = YES;
				CLANG_WARN_INT_CONVERSION = YES;
				CLANG_WARN_NON_LITERAL_NULL_CONVERSION = YES;
				CLANG_WARN_OBJC_IMPLICIT_RETAIN_CYCLE = YES;
				CLANG_WARN_OBJC_LITERAL_CONVERSION = YES;
				CLANG_WARN_OBJC_ROOT_CLASS = YES_ERROR;
				CLANG_WARN_QUOTED_INCLUDE_IN_FRAMEWORK_HEADER = YES;
				CLANG_WARN_RANGE_LOOP_ANALYSIS = YES;
				CLANG_WARN_STRICT_PROTOTYPES = YES;
				CLANG_WARN_SUSPICIOUS_MOVE = YES;
				CLANG_WARN_UNGUARDED_AVAILABILITY = YES_AGGRESSIVE;
				CLANG_WARN_UNREACHABLE_CODE = YES;
				CLANG_WARN__DUPLICATE_METHOD_MATCH = YES;
				COPY_PHASE_STRIP = NO;
				DEBUG_INFORMATION_FORMAT = "dwarf-with-dsym";
				ENABLE_NS_ASSERTIONS = NO;
				ENABLE_STRICT_OBJC_MSGSEND = YES;
				GCC_C_LANGUAGE_STANDARD = gnu17;
				GCC_NO_COMMON_BLOCKS = YES;
				GCC_WARN_64_TO_32_BIT_CONVERSION = YES;
				GCC_WARN_ABOUT_RETURN_TYPE = YES_ERROR;
				GCC_WARN_UNDECLARED_SELECTOR = YES;
				GCC_WARN_UNINITIALIZED_AUTOS = YES_AGGRESSIVE;
				GCC_WARN_UNUSED_FUNCTION = YES;
				GCC_WARN_UNUSED_VARIABLE = YES;
				IPHONEOS_DEPLOYMENT_TARGET = 16.0;
				MTL_FAST_MATH = YES;
				SDKROOT = iphoneos;
				SWIFT_COMPILATION_MODE = wholemodule;
				SWIFT_OPTIMIZATION_LEVEL = "-O";
				VALIDATE_PRODUCT = YES;
			};
			name = Release;
		};
		AA000000000000000000003D /* Debug */ = {
			isa = XCBuildConfiguration;
			buildSettings = {
				ASSETCATALOG_COMPILER_APPICON_NAME = AppIcon;
				ASSETCATALOG_COMPILER_GLOBAL_ACCENT_COLOR_NAME = AccentColor;
				CODE_SIGN_STYLE = Automatic;
				CURRENT_PROJECT_VERSION = 1;
				DEVELOPMENT_TEAM = "";
				ENABLE_PREVIEWS = YES;
				GENERATE_INFOPLIST_FILE = NO;
				INFOPLIST_FILE = MetacognitionChecklist/Info.plist;
				IPHONEOS_DEPLOYMENT_TARGET = 16.0;
				LD_RUNPATH_SEARCH_PATHS = (
					"$(inherited)",
					"@executable_path/Frameworks",
				);
				MARKETING_VERSION = 1.0;
				PRODUCT_BUNDLE_IDENTIFIER = com.metacognition.checklist;
				PRODUCT_NAME = "$(TARGET_NAME)";
				SWIFT_EMIT_LOC_STRINGS = YES;
				SWIFT_VERSION = 5.0;
				TARGETED_DEVICE_FAMILY = 1;
			};
			name = Debug;
		};
		AA000000000000000000003E /* Release */ = {
			isa = XCBuildConfiguration;
			buildSettings = {
				ASSETCATALOG_COMPILER_APPICON_NAME = AppIcon;
				ASSETCATALOG_COMPILER_GLOBAL_ACCENT_COLOR_NAME = AccentColor;
				CODE_SIGN_STYLE = Automatic;
				CURRENT_PROJECT_VERSION = 1;
				DEVELOPMENT_TEAM = "";
				ENABLE_PREVIEWS = YES;
				GENERATE_INFOPLIST_FILE = NO;
				INFOPLIST_FILE = MetacognitionChecklist/Info.plist;
				IPHONEOS_DEPLOYMENT_TARGET = 16.0;
				LD_RUNPATH_SEARCH_PATHS = (
					"$(inherited)",
					"@executable_path/Frameworks",
				);
				MARKETING_VERSION = 1.0;
				PRODUCT_BUNDLE_IDENTIFIER = com.metacognition.checklist;
				PRODUCT_NAME = "$(TARGET_NAME)";
				SWIFT_EMIT_LOC_STRINGS = YES;
				SWIFT_VERSION = 5.0;
				TARGETED_DEVICE_FAMILY = 1;
			};
			name = Release;
		};
/* End XCBuildConfiguration section */

/* Begin XCConfigurationList section */
		AA000000000000000000003C /* Build configuration list for PBXProject "MetacognitionChecklist" */ = {
			isa = XCConfigurationList;
			buildConfigurations = (
				AA000000000000000000003A /* Debug */,
				AA000000000000000000003B /* Release */,
			);
			defaultConfigurationIsVisible = 0;
			defaultConfigurationName = Release;
		};
		AA000000000000000000003F /* Build configuration list for PBXNativeTarget "MetacognitionChecklist" */ = {
			isa = XCConfigurationList;
			buildConfigurations = (
				AA000000000000000000003D /* Debug */,
				AA000000000000000000003E /* Release */,
			);
			defaultConfigurationIsVisible = 0;
			defaultConfigurationName = Release;
		};
/* End XCConfigurationList section */

	};
	rootObject = AA000000000000000000001A /* Project object */;
}
